
Microsoft Visual Studio Solution File, Format Version 12.00
# Visual Studio Version 16
VisualStudioVersion = 16.0.31019.35
MinimumVisualStudioVersion = 10.0.40219.1
Project("{FAE04EC0-301F-11D3-BF4B-00C04F79EFBC}") = "GeometryShapesDemo", "GeometryShapesDemo\GeometryShapesDemo.csproj", "{78A7F03E-D466-4889-A664-2B8F014CF31A}"
EndProject
Global
	GlobalSection(SolutionConfigurationPlatforms) = preSolution
		Debug|Any CPU = Debug|Any CPU
		Release|Any CPU = Release|Any CPU
	EndGlobalSection
	GlobalSection(ProjectConfigurationPlatforms) = postSolution
		{78A7F03E-D466-4889-A664-2B8F014CF31A}.Debug|Any CPU.ActiveCfg = Debug|Any CPU
		{78A7F03E-D466-4889-A664-2B8F014CF31A}.Debug|Any CPU.Build.0 = Debug|Any CPU
		{78A7F03E-D466-4889-A664-2B8F014CF31A}.Release|Any CPU.ActiveCfg = Release|Any CPU
		{78A7F03E-D466-4889-A664-2B8F014CF31A}.Release|Any CPU.Build.0 = Release|Any CPU
	EndGlobalSection
	GlobalSection(SolutionProperties) = preSolution
		HideSolutionNode = FALSE
	EndGlobalSection
	GlobalSection(ExtensibilityGlobals) = postSolution
		SolutionGuid = {388379CC-A8AB-476E-8978-83A60A2AC050}
	EndGlobalSection
EndGlobal
